
Microsoft Visual Studio Solution File, Format Version 12.00
# Visual Studio Version 17
VisualStudioVersion = 17.9.34728.123
MinimumVisualStudioVersion = 10.0.40219.1
Project("{FAE04EC0-301F-11D3-BF4B-00C04F79EFBC}") = "Rock-Paper-ScissorGame", "Rock-Paper-ScissorGame\Rock-Paper-ScissorGame.csproj", "{665FCD6C-D420-4A70-840C-27A59A39B0D3}"
EndProject
Global
	GlobalSection(SolutionConfigurationPlatforms) = preSolution
		Debug|Any CPU = Debug|Any CPU
		Release|Any CPU = Release|Any CPU
	EndGlobalSection
	GlobalSection(ProjectConfigurationPlatforms) = postSolution
		{665FCD6C-D420-4A70-840C-27A59A39B0D3}.Debug|Any CPU.ActiveCfg = Debug|Any CPU
		{665FCD6C-D420-4A70-840C-27A59A39B0D3}.Debug|Any CPU.Build.0 = Debug|Any CPU
		{665FCD6C-D420-4A70-840C-27A59A39B0D3}.Release|Any CPU.ActiveCfg = Release|Any CPU
		{665FCD6C-D420-4A70-840C-27A59A39B0D3}.Release|Any CPU.Build.0 = Release|Any CPU
	EndGlobalSection
	GlobalSection(SolutionProperties) = preSolution
		HideSolutionNode = FALSE
	EndGlobalSection
	GlobalSection(ExtensibilityGlobals) = postSolution
		SolutionGuid = {7DAAF79F-2AF6-4B78-A494-C6AC8EFB1FBA}
	EndGlobalSection
EndGlobal
